
Microsoft Visual Studio Solution File, Format Version 12.00
# Visual Studio 15
VisualStudioVersion = 15.0.28307.168
MinimumVisualStudioVersion = 10.0.40219.1
Project("{FAE04EC0-301F-11D3-BF4B-00C04F79EFBC}") = "GradeSuccess", "GradeSuccess.csproj", "{2FDF4226-E2AB-404D-83F3-608548D77BDC}"
EndProject
Project("{2150E333-8FDC-42A3-9474-1A3956D46DE8}") = "Solution Items", "Solution Items", "{E6E12635-58B9-47CC-A05C-2FD97EDF820B}"
EndProject
Global
	GlobalSection(SolutionConfigurationPlatforms) = preSolution
		Debug|Any CPU = Debug|Any CPU
		Release|Any CPU = Release|Any CPU
	EndGlobalSection
	GlobalSection(ProjectConfigurationPlatforms) = postSolution
		{2FDF4226-E2AB-404D-83F3-608548D77BDC}.Debug|Any CPU.ActiveCfg = Debug|Any CPU
		{2FDF4226-E2AB-404D-83F3-608548D77BDC}.Debug|Any CPU.Build.0 = Debug|Any CPU
		{2FDF4226-E2AB-404D-83F3-608548D77BDC}.Release|Any CPU.ActiveCfg = Release|Any CPU
		{2FDF4226-E2AB-404D-83F3-608548D77BDC}.Release|Any CPU.Build.0 = Release|Any CPU
	EndGlobalSection
	GlobalSection(SolutionProperties) = preSolution
		HideSolutionNode = FALSE
	EndGlobalSection
	GlobalSection(ExtensibilityGlobals) = postSolution
		SolutionGuid = {82F27D21-7FBF-4365-9609-709ED63B5848}
	EndGlobalSection
EndGlobal
